// !$*UTF8*$!
{
	archiveVersion = 1;
	classes = {
	};
	objectVersion = 56;
	objects = {

/* Begin PBXBuildFile section */
		084B676A2A581461009A6158 /* RegisterView.storyboard in Resources */ = {isa = PBXBuildFile; fileRef = 084B67692A581461009A6158 /* RegisterView.storyboard */; };
		084B676C2A5814D0009A6158 /* RegisterViewController.swift in Sources */ = {isa = PBXBuildFile; fileRef = 084B676B2A5814D0009A6158 /* RegisterViewController.swift */; };
		085CD98F2A5BCED500BAC6A4 /* ChangeCollectionViewCell.swift in Sources */ = {isa = PBXBuildFile; fileRef = 085CD98D2A5BCED500BAC6A4 /* ChangeCollectionViewCell.swift */; };
		085CD9902A5BCED500BAC6A4 /* ChangeCollectionViewCell.xib in Resources */ = {isa = PBXBuildFile; fileRef = 085CD98E2A5BCED500BAC6A4 /* ChangeCollectionViewCell.xib */; };
		085CD9942A5BD1A800BAC6A4 /* CollectionViewController.swift in Sources */ = {isa = PBXBuildFile; fileRef = 085CD9932A5BD1A700BAC6A4 /* CollectionViewController.swift */; };
		085CD9962A5BD9C200BAC6A4 /* ChangeDetailViewController.swift in Sources */ = {isa = PBXBuildFile; fileRef = 085CD9952A5BD9C200BAC6A4 /* ChangeDetailViewController.swift */; };
		087069842A5A9E64002BA847 /* HistoryTableViewCell.swift in Sources */ = {isa = PBXBuildFile; fileRef = 087069822A5A9E64002BA847 /* HistoryTableViewCell.swift */; };
		087069852A5A9E64002BA847 /* HistoryTableViewCell.xib in Resources */ = {isa = PBXBuildFile; fileRef = 087069832A5A9E64002BA847 /* HistoryTableViewCell.xib */; };
		087069892A5AA1DF002BA847 /* ModelData.swift in Sources */ = {isa = PBXBuildFile; fileRef = 087069882A5AA1DF002BA847 /* ModelData.swift */; };
		0870698B2A5AA21C002BA847 /* ModelDummyData.swift in Sources */ = {isa = PBXBuildFile; fileRef = 0870698A2A5AA21C002BA847 /* ModelDummyData.swift */; };
		0870698D2A5AB41B002BA847 /* ColorUtils.swift in Sources */ = {isa = PBXBuildFile; fileRef = 0870698C2A5AB41B002BA847 /* ColorUtils.swift */; };
		087070FD2A597D2F00532E4E /* ForgotPasswordView.storyboard in Resources */ = {isa = PBXBuildFile; fileRef = 087070FC2A597D2F00532E4E /* ForgotPasswordView.storyboard */; };
		087070FF2A597D4000532E4E /* ForgotPasswordViewController.swift in Sources */ = {isa = PBXBuildFile; fileRef = 087070FE2A597D4000532E4E /* ForgotPasswordViewController.swift */; };
		087071032A5986A200532E4E /* HomeViewController.swift in Sources */ = {isa = PBXBuildFile; fileRef = 087071022A5986A200532E4E /* HomeViewController.swift */; };
		087071092A59923200532E4E /* TabBarViewController.swift in Sources */ = {isa = PBXBuildFile; fileRef = 087071082A59923200532E4E /* TabBarViewController.swift */; };
		0870710B2A59943E00532E4E /* HistoryViewController.swift in Sources */ = {isa = PBXBuildFile; fileRef = 0870710A2A59943E00532E4E /* HistoryViewController.swift */; };
		0870710D2A59946300532E4E /* ProfileViewController.swift in Sources */ = {isa = PBXBuildFile; fileRef = 0870710C2A59946300532E4E /* ProfileViewController.swift */; };
		0870710F2A5994C300532E4E /* HomeView.storyboard in Resources */ = {isa = PBXBuildFile; fileRef = 0870710E2A5994C300532E4E /* HomeView.storyboard */; };
		08821BE22A5BF637006DA63B /* View+Extension.swift in Sources */ = {isa = PBXBuildFile; fileRef = 08821BE12A5BF637006DA63B /* View+Extension.swift */; };
		088C8E502A57AECC00D39C7B /* AppDelegate.swift in Sources */ = {isa = PBXBuildFile; fileRef = 088C8E4F2A57AECC00D39C7B /* AppDelegate.swift */; };
		088C8E522A57AECC00D39C7B /* SceneDelegate.swift in Sources */ = {isa = PBXBuildFile; fileRef = 088C8E512A57AECC00D39C7B /* SceneDelegate.swift */; };
		088C8E542A57AECC00D39C7B /* ViewController.swift in Sources */ = {isa = PBXBuildFile; fileRef = 088C8E532A57AECC00D39C7B /* ViewController.swift */; };
		088C8E572A57AECC00D39C7B /* Main.storyboard in Resources */ = {isa = PBXBuildFile; fileRef = 088C8E552A57AECC00D39C7B /* Main.storyboard */; };
		088C8E5A2A57AECC00D39C7B /* PhinconAttendance.xcdatamodeld in Sources */ = {isa = PBXBuildFile; fileRef = 088C8E582A57AECC00D39C7B /* PhinconAttendance.xcdatamodeld */; };
		088C8E5C2A57AED000D39C7B /* Assets.xcassets in Resources */ = {isa = PBXBuildFile; fileRef = 088C8E5B2A57AED000D39C7B /* Assets.xcassets */; };
		088C8E5F2A57AED000D39C7B /* LaunchScreen.storyboard in Resources */ = {isa = PBXBuildFile; fileRef = 088C8E5D2A57AED000D39C7B /* LaunchScreen.storyboard */; };
		088C8E672A57E47F00D39C7B /* LoginView.storyboard in Resources */ = {isa = PBXBuildFile; fileRef = 088C8E662A57E47F00D39C7B /* LoginView.storyboard */; };
		088C8E692A57E49A00D39C7B /* LoginViewController.swift in Sources */ = {isa = PBXBuildFile; fileRef = 088C8E682A57E49A00D39C7B /* LoginViewController.swift */; };
/* End PBXBuildFile section */

/* Begin PBXFileReference section */
		084B67692A581461009A6158 /* RegisterView.storyboard */ = {isa = PBXFileReference; lastKnownFileType = file.storyboard; path = RegisterView.storyboard; sourceTree = "<group>"; };
		084B676B2A5814D0009A6158 /* RegisterViewController.swift */ = {isa = PBXFileReference; lastKnownFileType = sourcecode.swift; path = RegisterViewController.swift; sourceTree = "<group>"; };
		085CD98D2A5BCED500BAC6A4 /* ChangeCollectionViewCell.swift */ = {isa = PBXFileReference; lastKnownFileType = sourcecode.swift; path = ChangeCollectionViewCell.swift; sourceTree = "<group>"; };
		085CD98E2A5BCED500BAC6A4 /* ChangeCollectionViewCell.xib */ = {isa = PBXFileReference; lastKnownFileType = file.xib; path = ChangeCollectionViewCell.xib; sourceTree = "<group>"; };
		085CD9932A5BD1A700BAC6A4 /* CollectionViewController.swift */ = {isa = PBXFileReference; lastKnownFileType = sourcecode.swift; path = CollectionViewController.swift; sourceTree = "<group>"; };
		085CD9952A5BD9C200BAC6A4 /* ChangeDetailViewController.swift */ = {isa = PBXFileReference; lastKnownFileType = sourcecode.swift; path = ChangeDetailViewController.swift; sourceTree = "<group>"; };
		087069822A5A9E64002BA847 /* HistoryTableViewCell.swift */ = {isa = PBXFileReference; lastKnownFileType = sourcecode.swift; path = HistoryTableViewCell.swift; sourceTree = "<group>"; };
		087069832A5A9E64002BA847 /* HistoryTableViewCell.xib */ = {isa = PBXFileReference; lastKnownFileType = file.xib; path = HistoryTableViewCell.xib; sourceTree = "<group>"; };
		087069882A5AA1DF002BA847 /* ModelData.swift */ = {isa = PBXFileReference; lastKnownFileType = sourcecode.swift; path = ModelData.swift; sourceTree = "<group>"; };
		0870698A2A5AA21C002BA847 /* ModelDummyData.swift */ = {isa = PBXFileReference; lastKnownFileType = sourcecode.swift; path = ModelDummyData.swift; sourceTree = "<group>"; };
		0870698C2A5AB41B002BA847 /* ColorUtils.swift */ = {isa = PBXFileReference; lastKnownFileType = sourcecode.swift; path = ColorUtils.swift; sourceTree = "<group>"; };
		087070FC2A597D2F00532E4E /* ForgotPasswordView.storyboard */ = {isa = PBXFileReference; lastKnownFileType = file.storyboard; path = ForgotPasswordView.storyboard; sourceTree = "<group>"; };
		087070FE2A597D4000532E4E /* ForgotPasswordViewController.swift */ = {isa = PBXFileReference; lastKnownFileType = sourcecode.swift; path = ForgotPasswordViewController.swift; sourceTree = "<group>"; };
		087071022A5986A200532E4E /* HomeViewController.swift */ = {isa = PBXFileReference; lastKnownFileType = sourcecode.swift; path = HomeViewController.swift; sourceTree = "<group>"; };
		087071082A59923200532E4E /* TabBarViewController.swift */ = {isa = PBXFileReference; lastKnownFileType = sourcecode.swift; path = TabBarViewController.swift; sourceTree = "<group>"; };
		0870710A2A59943E00532E4E /* HistoryViewController.swift */ = {isa = PBXFileReference; lastKnownFileType = sourcecode.swift; path = HistoryViewController.swift; sourceTree = "<group>"; };
		0870710C2A59946300532E4E /* ProfileViewController.swift */ = {isa = PBXFileReference; lastKnownFileType = sourcecode.swift; path = ProfileViewController.swift; sourceTree = "<group>"; };
		0870710E2A5994C300532E4E /* HomeView.storyboard */ = {isa = PBXFileReference; lastKnownFileType = file.storyboard; path = HomeView.storyboard; sourceTree = "<group>"; };
		08821BE12A5BF637006DA63B /* View+Extension.swift */ = {isa = PBXFileReference; lastKnownFileType = sourcecode.swift; path = "View+Extension.swift"; sourceTree = "<group>"; };
		088C8E4C2A57AECC00D39C7B /* PhinconAttendance.app */ = {isa = PBXFileReference; explicitFileType = wrapper.application; includeInIndex = 0; path = PhinconAttendance.app; sourceTree = BUILT_PRODUCTS_DIR; };
		088C8E4F2A57AECC00D39C7B /* AppDelegate.swift */ = {isa = PBXFileReference; lastKnownFileType = sourcecode.swift; path = AppDelegate.swift; sourceTree = "<group>"; };
		088C8E512A57AECC00D39C7B /* SceneDelegate.swift */ = {isa = PBXFileReference; lastKnownFileType = sourcecode.swift; path = SceneDelegate.swift; sourceTree = "<group>"; };
		088C8E532A57AECC00D39C7B /* ViewController.swift */ = {isa = PBXFileReference; lastKnownFileType = sourcecode.swift; path = ViewController.swift; sourceTree = "<group>"; };
		088C8E562A57AECC00D39C7B /* Base */ = {isa = PBXFileReference; lastKnownFileType = file.storyboard; name = Base; path = Base.lproj/Main.storyboard; sourceTree = "<group>"; };
		088C8E592A57AECC00D39C7B /* PhinconAttendance.xcdatamodel */ = {isa = PBXFileReference; lastKnownFileType = wrapper.xcdatamodel; path = PhinconAttendance.xcdatamodel; sourceTree = "<group>"; };
		088C8E5B2A57AED000D39C7B /* Assets.xcassets */ = {isa = PBXFileReference; lastKnownFileType = folder.assetcatalog; path = Assets.xcassets; sourceTree = "<group>"; };
		088C8E5E2A57AED000D39C7B /* Base */ = {isa = PBXFileReference; lastKnownFileType = file.storyboard; name = Base; path = Base.lproj/LaunchScreen.storyboard; sourceTree = "<group>"; };
		088C8E602A57AED000D39C7B /* Info.plist */ = {isa = PBXFileReference; lastKnownFileType = text.plist.xml; path = Info.plist; sourceTree = "<group>"; };
		088C8E662A57E47F00D39C7B /* LoginView.storyboard */ = {isa = PBXFileReference; lastKnownFileType = file.storyboard; path = LoginView.storyboard; sourceTree = "<group>"; };
		088C8E682A57E49A00D39C7B /* LoginViewController.swift */ = {isa = PBXFileReference; lastKnownFileType = sourcecode.swift; path = LoginViewController.swift; sourceTree = "<group>"; };
/* End PBXFileReference section */

/* Begin PBXFrameworksBuildPhase section */
		088C8E492A57AECC00D39C7B /* Frameworks */ = {
			isa = PBXFrameworksBuildPhase;
			buildActionMask = 2147483647;
			files = (
			);
			runOnlyForDeploymentPostprocessing = 0;
		};
/* End PBXFrameworksBuildPhase section */

/* Begin PBXGroup section */
		085CD9862A5BBCD600BAC6A4 /* CollectionViewCell */ = {
			isa = PBXGroup;
			children = (
				085CD98D2A5BCED500BAC6A4 /* ChangeCollectionViewCell.swift */,
				085CD98E2A5BCED500BAC6A4 /* ChangeCollectionViewCell.xib */,
			);
			path = CollectionViewCell;
			sourceTree = "<group>";
		};
		087069812A5A9E3C002BA847 /* Cell */ = {
			isa = PBXGroup;
			children = (
				087069822A5A9E64002BA847 /* HistoryTableViewCell.swift */,
				087069832A5A9E64002BA847 /* HistoryTableViewCell.xib */,
			);
			path = Cell;
			sourceTree = "<group>";
		};
		087069862A5AA1BE002BA847 /* ModelData */ = {
			isa = PBXGroup;
			children = (
				087069882A5AA1DF002BA847 /* ModelData.swift */,
			);
			path = ModelData;
			sourceTree = "<group>";
		};
		087069872A5AA1C4002BA847 /* ModelDummyData */ = {
			isa = PBXGroup;
			children = (
				0870698A2A5AA21C002BA847 /* ModelDummyData.swift */,
			);
			path = ModelDummyData;
			sourceTree = "<group>";
		};
		087070FA2A5971A500532E4E /* View */ = {
			isa = PBXGroup;
			children = (
				085CD9862A5BBCD600BAC6A4 /* CollectionViewCell */,
				087069812A5A9E3C002BA847 /* Cell */,
				088C8E662A57E47F00D39C7B /* LoginView.storyboard */,
				084B67692A581461009A6158 /* RegisterView.storyboard */,
				087070FC2A597D2F00532E4E /* ForgotPasswordView.storyboard */,
				0870710E2A5994C300532E4E /* HomeView.storyboard */,
			);
			path = View;
			sourceTree = "<group>";
		};
		087070FB2A5971B100532E4E /* ViewController */ = {
			isa = PBXGroup;
			children = (
				088C8E682A57E49A00D39C7B /* LoginViewController.swift */,
				084B676B2A5814D0009A6158 /* RegisterViewController.swift */,
				087070FE2A597D4000532E4E /* ForgotPasswordViewController.swift */,
				087071022A5986A200532E4E /* HomeViewController.swift */,
				087071082A59923200532E4E /* TabBarViewController.swift */,
				0870710A2A59943E00532E4E /* HistoryViewController.swift */,
				0870710C2A59946300532E4E /* ProfileViewController.swift */,
				085CD9932A5BD1A700BAC6A4 /* CollectionViewController.swift */,
				085CD9952A5BD9C200BAC6A4 /* ChangeDetailViewController.swift */,
			);
			path = ViewController;
			sourceTree = "<group>";
		};
		088C66582A5A8B3600BD9C00 /* Extension */ = {
			isa = PBXGroup;
			children = (
				0870698C2A5AB41B002BA847 /* ColorUtils.swift */,
				08821BE12A5BF637006DA63B /* View+Extension.swift */,
			);
			path = Extension;
			sourceTree = "<group>";
		};
		088C8E432A57AECC00D39C7B = {
			isa = PBXGroup;
			children = (
				088C8E4E2A57AECC00D39C7B /* PhinconAttendance */,
				088C8E4D2A57AECC00D39C7B /* Products */,
			);
			sourceTree = "<group>";
		};
		088C8E4D2A57AECC00D39C7B /* Products */ = {
			isa = PBXGroup;
			children = (
				088C8E4C2A57AECC00D39C7B /* PhinconAttendance.app */,
			);
			name = Products;
			sourceTree = "<group>";
		};
		088C8E4E2A57AECC00D39C7B /* PhinconAttendance */ = {
			isa = PBXGroup;
			children = (
				087069872A5AA1C4002BA847 /* ModelDummyData */,
				087069862A5AA1BE002BA847 /* ModelData */,
				088C66582A5A8B3600BD9C00 /* Extension */,
				087070FB2A5971B100532E4E /* ViewController */,
				087070FA2A5971A500532E4E /* View */,
				088C8E4F2A57AECC00D39C7B /* AppDelegate.swift */,
				088C8E512A57AECC00D39C7B /* SceneDelegate.swift */,
				088C8E532A57AECC00D39C7B /* ViewController.swift */,
				088C8E552A57AECC00D39C7B /* Main.storyboard */,
				088C8E5B2A57AED000D39C7B /* Assets.xcassets */,
				088C8E5D2A57AED000D39C7B /* LaunchScreen.storyboard */,
				088C8E602A57AED000D39C7B /* Info.plist */,
				088C8E582A57AECC00D39C7B /* PhinconAttendance.xcdatamodeld */,
			);
			path = PhinconAttendance;
			sourceTree = "<group>";
		};
/* End PBXGroup section */

/* Begin PBXNativeTarget section */
		088C8E4B2A57AECC00D39C7B /* PhinconAttendance */ = {
			isa = PBXNativeTarget;
			buildConfigurationList = 088C8E632A57AED000D39C7B /* Build configuration list for PBXNativeTarget "PhinconAttendance" */;
			buildPhases = (
				088C8E482A57AECC00D39C7B /* Sources */,
				088C8E492A57AECC00D39C7B /* Frameworks */,
				088C8E4A2A57AECC00D39C7B /* Resources */,
			);
			buildRules = (
			);
			dependencies = (
			);
			name = PhinconAttendance;
			productName = PhinconAttendance;
			productReference = 088C8E4C2A57AECC00D39C7B /* PhinconAttendance.app */;
			productType = "com.apple.product-type.application";
		};
/* End PBXNativeTarget section */

/* Begin PBXProject section */
		088C8E442A57AECC00D39C7B /* Project object */ = {
			isa = PBXProject;
			attributes = {
				BuildIndependentTargetsInParallel = 1;
				LastSwiftUpdateCheck = 1430;
				LastUpgradeCheck = 1430;
				TargetAttributes = {
					088C8E4B2A57AECC00D39C7B = {
						CreatedOnToolsVersion = 14.3.1;
					};
				};
			};
			buildConfigurationList = 088C8E472A57AECC00D39C7B /* Build configuration list for PBXProject "PhinconAttendance" */;
			compatibilityVersion = "Xcode 14.0";
			developmentRegion = en;
			hasScannedForEncodings = 0;
			knownRegions = (
				en,
				Base,
			);
			mainGroup = 088C8E432A57AECC00D39C7B;
			productRefGroup = 088C8E4D2A57AECC00D39C7B /* Products */;
			projectDirPath = "";
			projectRoot = "";
			targets = (
				088C8E4B2A57AECC00D39C7B /* PhinconAttendance */,
			);
		};
/* End PBXProject section */

/* Begin PBXResourcesBuildPhase section */
		088C8E4A2A57AECC00D39C7B /* Resources */ = {
			isa = PBXResourcesBuildPhase;
			buildActionMask = 2147483647;
			files = (
				088C8E5F2A57AED000D39C7B /* LaunchScreen.storyboard in Resources */,
				0870710F2A5994C300532E4E /* HomeView.storyboard in Resources */,
				088C8E5C2A57AED000D39C7B /* Assets.xcassets in Resources */,
				084B676A2A581461009A6158 /* RegisterView.storyboard in Resources */,
				088C8E572A57AECC00D39C7B /* Main.storyboard in Resources */,
				088C8E672A57E47F00D39C7B /* LoginView.storyboard in Resources */,
				085CD9902A5BCED500BAC6A4 /* ChangeCollectionViewCell.xib in Resources */,
				087069852A5A9E64002BA847 /* HistoryTableViewCell.xib in Resources */,
				087070FD2A597D2F00532E4E /* ForgotPasswordView.storyboard in Resources */,
			);
			runOnlyForDeploymentPostprocessing = 0;
		};
/* End PBXResourcesBuildPhase section */

/* Begin PBXSourcesBuildPhase section */
		088C8E482A57AECC00D39C7B /* Sources */ = {
			isa = PBXSourcesBuildPhase;
			buildActionMask = 2147483647;
			files = (
				088C8E5A2A57AECC00D39C7B /* PhinconAttendance.xcdatamodeld in Sources */,
				087070FF2A597D4000532E4E /* ForgotPasswordViewController.swift in Sources */,
				087069842A5A9E64002BA847 /* HistoryTableViewCell.swift in Sources */,
				08821BE22A5BF637006DA63B /* View+Extension.swift in Sources */,
				088C8E542A57AECC00D39C7B /* ViewController.swift in Sources */,
				0870698B2A5AA21C002BA847 /* ModelDummyData.swift in Sources */,
				0870710B2A59943E00532E4E /* HistoryViewController.swift in Sources */,
				085CD98F2A5BCED500BAC6A4 /* ChangeCollectionViewCell.swift in Sources */,
				0870698D2A5AB41B002BA847 /* ColorUtils.swift in Sources */,
				085CD9962A5BD9C200BAC6A4 /* ChangeDetailViewController.swift in Sources */,
				087071032A5986A200532E4E /* HomeViewController.swift in Sources */,
				085CD9942A5BD1A800BAC6A4 /* CollectionViewController.swift in Sources */,
				087071092A59923200532E4E /* TabBarViewController.swift in Sources */,
				0870710D2A59946300532E4E /* ProfileViewController.swift in Sources */,
				088C8E502A57AECC00D39C7B /* AppDelegate.swift in Sources */,
				084B676C2A5814D0009A6158 /* RegisterViewController.swift in Sources */,
				088C8E692A57E49A00D39C7B /* LoginViewController.swift in Sources */,
				088C8E522A57AECC00D39C7B /* SceneDelegate.swift in Sources */,
				087069892A5AA1DF002BA847 /* ModelData.swift in Sources */,
			);
			runOnlyForDeploymentPostprocessing = 0;
		};
/* End PBXSourcesBuildPhase section */

/* Begin PBXVariantGroup section */
		088C8E552A57AECC00D39C7B /* Main.storyboard */ = {
			isa = PBXVariantGroup;
			children = (
				088C8E562A57AECC00D39C7B /* Base */,
			);
			name = Main.storyboard;
			sourceTree = "<group>";
		};
		088C8E5D2A57AED000D39C7B /* LaunchScreen.storyboard */ = {
			isa = PBXVariantGroup;
			children = (
				088C8E5E2A57AED000D39C7B /* Base */,
			);
			name = LaunchScreen.storyboard;
			sourceTree = "<group>";
		};
/* End PBXVariantGroup section */

/* Begin XCBuildConfiguration section */
		088C8E612A57AED000D39C7B /* Debug */ = {
			isa = XCBuildConfiguration;
			buildSettings = {
				ALWAYS_SEARCH_USER_PATHS = NO;
				CLANG_ANALYZER_NONNULL = YES;
				CLANG_ANALYZER_NUMBER_OBJECT_CONVERSION = YES_AGGRESSIVE;
				CLANG_CXX_LANGUAGE_STANDARD = "gnu++20";
				CLANG_ENABLE_MODULES = YES;
				CLANG_ENABLE_OBJC_ARC = YES;
				CLANG_ENABLE_OBJC_WEAK = YES;
				CLANG_WARN_BLOCK_CAPTURE_AUTORELEASING = YES;
				CLANG_WARN_BOOL_CONVERSION = YES;
				CLANG_WARN_COMMA = YES;
				CLANG_WARN_CONSTANT_CONVERSION = YES;
				CLANG_WARN_DEPRECATED_OBJC_IMPLEMENTATIONS = YES;
				CLANG_WARN_DIRECT_OBJC_ISA_USAGE = YES_ERROR;
				CLANG_WARN_DOCUMENTATION_COMMENTS = YES;
				CLANG_WARN_EMPTY_BODY = YES;
				CLANG_WARN_ENUM_CONVERSION = YES;
				CLANG_WARN_INFINITE_RECURSION = YES;
				CLANG_WARN_INT_CONVERSION = YES;
				CLANG_WARN_NON_LITERAL_NULL_CONVERSION = YES;
				CLANG_WARN_OBJC_IMPLICIT_RETAIN_SELF = YES;
				CLANG_WARN_OBJC_LITERAL_CONVERSION = YES;
				CLANG_WARN_OBJC_ROOT_CLASS = YES_ERROR;
				CLANG_WARN_QUOTED_INCLUDE_IN_FRAMEWORK_HEADER = YES;
				CLANG_WARN_RANGE_LOOP_ANALYSIS = YES;
				CLANG_WARN_STRICT_PROTOTYPES = YES;
				CLANG_WARN_SUSPICIOUS_MOVE = YES;
				CLANG_WARN_UNGUARDED_AVAILABILITY = YES_AGGRESSIVE;
				CLANG_WARN_UNREACHABLE_CODE = YES;
				CLANG_WARN__DUPLICATE_METHOD_MATCH = YES;
				COPY_PHASE_STRIP = NO;
				DEBUG_INFORMATION_FORMAT = dwarf;
				ENABLE_STRICT_OBJC_MSGSEND = YES;
				ENABLE_TESTABILITY = YES;
				GCC_C_LANGUAGE_STANDARD = gnu11;
				GCC_DYNAMIC_NO_PIC = NO;
				GCC_NO_COMMON_BLOCKS = YES;
				GCC_OPTIMIZATION_LEVEL = 0;
				GCC_PREPROCESSOR_DEFINITIONS = (
					"DEBUG=1",
					"$(inherited)",
				);
				GCC_WARN_64_TO_32_BIT_CONVERSION = YES;
				GCC_WARN_ABOUT_RETURN_TYPE = YES_ERROR;
				GCC_WARN_UNDECLARED_SELECTOR = YES;
				GCC_WARN_UNINITIALIZED_AUTOS = YES_AGGRESSIVE;
				GCC_WARN_UNUSED_FUNCTION = YES;
				GCC_WARN_UNUSED_VARIABLE = YES;
				IPHONEOS_DEPLOYMENT_TARGET = 16.4;
				MTL_ENABLE_DEBUG_INFO = INCLUDE_SOURCE;
				MTL_FAST_MATH = YES;
				ONLY_ACTIVE_ARCH = YES;
				SDKROOT = iphoneos;
				SWIFT_ACTIVE_COMPILATION_CONDITIONS = DEBUG;
				SWIFT_OPTIMIZATION_LEVEL = "-Onone";
			};
			name = Debug;
		};
		088C8E622A57AED000D39C7B /* Release */ = {
			isa = XCBuildConfiguration;
			buildSettings = {
				ALWAYS_SEARCH_USER_PATHS = NO;
				CLANG_ANALYZER_NONNULL = YES;
				CLANG_ANALYZER_NUMBER_OBJECT_CONVERSION = YES_AGGRESSIVE;
				CLANG_CXX_LANGUAGE_STANDARD = "gnu++20";
				CLANG_ENABLE_MODULES = YES;
				CLANG_ENABLE_OBJC_ARC = YES;
				CLANG_ENABLE_OBJC_WEAK = YES;
				CLANG_WARN_BLOCK_CAPTURE_AUTORELEASING = YES;
				CLANG_WARN_BOOL_CONVERSION = YES;
				CLANG_WARN_COMMA = YES;
				CLANG_WARN_CONSTANT_CONVERSION = YES;
				CLANG_WARN_DEPRECATED_OBJC_IMPLEMENTATIONS = YES;
				CLANG_WARN_DIRECT_OBJC_ISA_USAGE = YES_ERROR;
				CLANG_WARN_DOCUMENTATION_COMMENTS = YES;
				CLANG_WARN_EMPTY_BODY = YES;
				CLANG_WARN_ENUM_CONVERSION = YES;
				CLANG_WARN_INFINITE_RECURSION = YES;
				CLANG_WARN_INT_CONVERSION = YES;
				CLANG_WARN_NON_LITERAL_NULL_CONVERSION = YES;
				CLANG_WARN_OBJC_IMPLICIT_RETAIN_SELF = YES;
				CLANG_WARN_OBJC_LITERAL_CONVERSION = YES;
				CLANG_WARN_OBJC_ROOT_CLASS = YES_ERROR;
				CLANG_WARN_QUOTED_INCLUDE_IN_FRAMEWORK_HEADER = YES;
				CLANG_WARN_RANGE_LOOP_ANALYSIS = YES;
				CLANG_WARN_STRICT_PROTOTYPES = YES;
				CLANG_WARN_SUSPICIOUS_MOVE = YES;
				CLANG_WARN_UNGUARDED_AVAILABILITY = YES_AGGRESSIVE;
				CLANG_WARN_UNREACHABLE_CODE = YES;
				CLANG_WARN__DUPLICATE_METHOD_MATCH = YES;
				COPY_PHASE_STRIP = NO;
				DEBUG_INFORMATION_FORMAT = "dwarf-with-dsym";
				ENABLE_NS_ASSERTIONS = NO;
				ENABLE_STRICT_OBJC_MSGSEND = YES;
				GCC_C_LANGUAGE_STANDARD = gnu11;
				GCC_NO_COMMON_BLOCKS = YES;
				GCC_WARN_64_TO_32_BIT_CONVERSION = YES;
				GCC_WARN_ABOUT_RETURN_TYPE = YES_ERROR;
				GCC_WARN_UNDECLARED_SELECTOR = YES;
				GCC_WARN_UNINITIALIZED_AUTOS = YES_AGGRESSIVE;
				GCC_WARN_UNUSED_FUNCTION = YES;
				GCC_WARN_UNUSED_VARIABLE = YES;
				IPHONEOS_DEPLOYMENT_TARGET = 16.4;
				MTL_ENABLE_DEBUG_INFO = NO;
				MTL_FAST_MATH = YES;
				SDKROOT = iphoneos;
				SWIFT_COMPILATION_MODE = wholemodule;
				SWIFT_OPTIMIZATION_LEVEL = "-O";
				VALIDATE_PRODUCT = YES;
			};
			name = Release;
		};
		088C8E642A57AED000D39C7B /* Debug */ = {
			isa = XCBuildConfiguration;
			buildSettings = {
				ASSETCATALOG_COMPILER_APPICON_NAME = AppIcon;
				ASSETCATALOG_COMPILER_GLOBAL_ACCENT_COLOR_NAME = AccentColor;
				CODE_SIGN_STYLE = Automatic;
				CURRENT_PROJECT_VERSION = 1;
				DEVELOPMENT_TEAM = P8794RMH4C;
				GENERATE_INFOPLIST_FILE = YES;
				INFOPLIST_FILE = PhinconAttendance/Info.plist;
				INFOPLIST_KEY_UIApplicationSupportsIndirectInputEvents = YES;
				INFOPLIST_KEY_UILaunchStoryboardName = LaunchScreen;
				INFOPLIST_KEY_UIMainStoryboardFile = Main;
				INFOPLIST_KEY_UISupportedInterfaceOrientations_iPad = "UIInterfaceOrientationPortrait UIInterfaceOrientationPortraitUpsideDown UIInterfaceOrientationLandscapeLeft UIInterfaceOrientationLandscapeRight";
				INFOPLIST_KEY_UISupportedInterfaceOrientations_iPhone = "UIInterfaceOrientationPortrait UIInterfaceOrientationLandscapeLeft UIInterfaceOrientationLandscapeRight";
				LD_RUNPATH_SEARCH_PATHS = (
					"$(inherited)",
					"@executable_path/Frameworks",
				);
				MARKETING_VERSION = 1.0;
				PRODUCT_BUNDLE_IDENTIFIER = com.pututyb.PhinconAttendance;
				PRODUCT_NAME = "$(TARGET_NAME)";
				SWIFT_EMIT_LOC_STRINGS = YES;
				SWIFT_VERSION = 5.0;
				TARGETED_DEVICE_FAMILY = "1,2";
			};
			name = Debug;
		};
		088C8E652A57AED000D39C7B /* Release */ = {
			isa = XCBuildConfiguration;
			buildSettings = {
				ASSETCATALOG_COMPILER_APPICON_NAME = AppIcon;
				ASSETCATALOG_COMPILER_GLOBAL_ACCENT_COLOR_NAME = AccentColor;
				CODE_SIGN_STYLE = Automatic;
				CURRENT_PROJECT_VERSION = 1;
				DEVELOPMENT_TEAM = P8794RMH4C;
				GENERATE_INFOPLIST_FILE = YES;
				INFOPLIST_FILE = PhinconAttendance/Info.plist;
				INFOPLIST_KEY_UIApplicationSupportsIndirectInputEvents = YES;
				INFOPLIST_KEY_UILaunchStoryboardName = LaunchScreen;
				INFOPLIST_KEY_UIMainStoryboardFile = Main;
				INFOPLIST_KEY_UISupportedInterfaceOrientations_iPad = "UIInterfaceOrientationPortrait UIInterfaceOrientationPortraitUpsideDown UIInterfaceOrientationLandscapeLeft UIInterfaceOrientationLandscapeRight";
				INFOPLIST_KEY_UISupportedInterfaceOrientations_iPhone = "UIInterfaceOrientationPortrait UIInterfaceOrientationLandscapeLeft UIInterfaceOrientationLandscapeRight";
				LD_RUNPATH_SEARCH_PATHS = (
					"$(inherited)",
					"@executable_path/Frameworks",
				);
				MARKETING_VERSION = 1.0;
				PRODUCT_BUNDLE_IDENTIFIER = com.pututyb.PhinconAttendance;
				PRODUCT_NAME = "$(TARGET_NAME)";
				SWIFT_EMIT_LOC_STRINGS = YES;
				SWIFT_VERSION = 5.0;
				TARGETED_DEVICE_FAMILY = "1,2";
			};
			name = Release;
		};
/* End XCBuildConfiguration section */

/* Begin XCConfigurationList section */
		088C8E472A57AECC00D39C7B /* Build configuration list for PBXProject "PhinconAttendance" */ = {
			isa = XCConfigurationList;
			buildConfigurations = (
				088C8E612A57AED000D39C7B /* Debug */,
				088C8E622A57AED000D39C7B /* Release */,
			);
			defaultConfigurationIsVisible = 0;
			defaultConfigurationName = Release;
		};
		088C8E632A57AED000D39C7B /* Build configuration list for PBXNativeTarget "PhinconAttendance" */ = {
			isa = XCConfigurationList;
			buildConfigurations = (
				088C8E642A57AED000D39C7B /* Debug */,
				088C8E652A57AED000D39C7B /* Release */,
			);
			defaultConfigurationIsVisible = 0;
			defaultConfigurationName = Release;
		};
/* End XCConfigurationList section */

/* Begin XCVersionGroup section */
		088C8E582A57AECC00D39C7B /* PhinconAttendance.xcdatamodeld */ = {
			isa = XCVersionGroup;
			children = (
				088C8E592A57AECC00D39C7B /* PhinconAttendance.xcdatamodel */,
			);
			currentVersion = 088C8E592A57AECC00D39C7B /* PhinconAttendance.xcdatamodel */;
			path = PhinconAttendance.xcdatamodeld;
			sourceTree = "<group>";
			versionGroupType = wrapper.xcdatamodel;
		};
/* End XCVersionGroup section */
	};
	rootObject = 088C8E442A57AECC00D39C7B /* Project object */;
}
